
Microsoft Visual Studio Solution File, Format Version 12.00
# Visual Studio Version 16
VisualStudioVersion = 16.0.31624.102
MinimumVisualStudioVersion = 10.0.40219.1
Project("{FAE04EC0-301F-11D3-BF4B-00C04F79EFBC}") = "LINQToObjectsAndQueryOperators", "LINQToObjectsAndQueryOperators\LINQToObjectsAndQueryOperators.csproj", "{1FF2D86F-D745-4E35-A7A7-6ECE17A53945}"
EndProject
Global
	GlobalSection(SolutionConfigurationPlatforms) = preSolution
		Debug|Any CPU = Debug|Any CPU
		Release|Any CPU = Release|Any CPU
	EndGlobalSection
	GlobalSection(ProjectConfigurationPlatforms) = postSolution
		{1FF2D86F-D745-4E35-A7A7-6ECE17A53945}.Debug|Any CPU.ActiveCfg = Debug|Any CPU
		{1FF2D86F-D745-4E35-A7A7-6ECE17A53945}.Debug|Any CPU.Build.0 = Debug|Any CPU
		{1FF2D86F-D745-4E35-A7A7-6ECE17A53945}.Release|Any CPU.ActiveCfg = Release|Any CPU
		{1FF2D86F-D745-4E35-A7A7-6ECE17A53945}.Release|Any CPU.Build.0 = Release|Any CPU
	EndGlobalSection
	GlobalSection(SolutionProperties) = preSolution
		HideSolutionNode = FALSE
	EndGlobalSection
	GlobalSection(ExtensibilityGlobals) = postSolution
		SolutionGuid = {0B308E59-D67D-4FC8-9677-C42E8EF2A162}
	EndGlobalSection
EndGlobal
