
Microsoft Visual Studio Solution File, Format Version 12.00
# Visual Studio Version 16
VisualStudioVersion = 16.0.31624.102
MinimumVisualStudioVersion = 10.0.40219.1
Project("{FAE04EC0-301F-11D3-BF4B-00C04F79EFBC}") = "2d array nested loop", "2d array nested loop\2d array nested loop.csproj", "{8C82E313-6C79-4FE5-9AA6-5DAE6FF656D7}"
EndProject
Global
	GlobalSection(SolutionConfigurationPlatforms) = preSolution
		Debug|Any CPU = Debug|Any CPU
		Release|Any CPU = Release|Any CPU
	EndGlobalSection
	GlobalSection(ProjectConfigurationPlatforms) = postSolution
		{8C82E313-6C79-4FE5-9AA6-5DAE6FF656D7}.Debug|Any CPU.ActiveCfg = Debug|Any CPU
		{8C82E313-6C79-4FE5-9AA6-5DAE6FF656D7}.Debug|Any CPU.Build.0 = Debug|Any CPU
		{8C82E313-6C79-4FE5-9AA6-5DAE6FF656D7}.Release|Any CPU.ActiveCfg = Release|Any CPU
		{8C82E313-6C79-4FE5-9AA6-5DAE6FF656D7}.Release|Any CPU.Build.0 = Release|Any CPU
	EndGlobalSection
	GlobalSection(SolutionProperties) = preSolution
		HideSolutionNode = FALSE
	EndGlobalSection
	GlobalSection(ExtensibilityGlobals) = postSolution
		SolutionGuid = {E4D622E2-9EFC-407B-B58B-3D532E5F66CE}
	EndGlobalSection
EndGlobal
