
Microsoft Visual Studio Solution File, Format Version 12.00
# Visual Studio Version 16
VisualStudioVersion = 16.0.31624.102
MinimumVisualStudioVersion = 10.0.40219.1
Project("{FAE04EC0-301F-11D3-BF4B-00C04F79EFBC}") = "IEnumerableAndIEnumeratorDemo", "IEnumerableAndIEnumeratorDemo\IEnumerableAndIEnumeratorDemo.csproj", "{534EE174-89C6-43C1-9CFE-862479AE25F1}"
EndProject
Global
	GlobalSection(SolutionConfigurationPlatforms) = preSolution
		Debug|Any CPU = Debug|Any CPU
		Release|Any CPU = Release|Any CPU
	EndGlobalSection
	GlobalSection(ProjectConfigurationPlatforms) = postSolution
		{534EE174-89C6-43C1-9CFE-862479AE25F1}.Debug|Any CPU.ActiveCfg = Debug|Any CPU
		{534EE174-89C6-43C1-9CFE-862479AE25F1}.Debug|Any CPU.Build.0 = Debug|Any CPU
		{534EE174-89C6-43C1-9CFE-862479AE25F1}.Release|Any CPU.ActiveCfg = Release|Any CPU
		{534EE174-89C6-43C1-9CFE-862479AE25F1}.Release|Any CPU.Build.0 = Release|Any CPU
	EndGlobalSection
	GlobalSection(SolutionProperties) = preSolution
		HideSolutionNode = FALSE
	EndGlobalSection
	GlobalSection(ExtensibilityGlobals) = postSolution
		SolutionGuid = {1F7B16B6-699E-4E1C-8672-D8060F3C3511}
	EndGlobalSection
EndGlobal
