
Microsoft Visual Studio Solution File, Format Version 12.00
# Visual Studio Version 16
VisualStudioVersion = 16.0.31624.102
MinimumVisualStudioVersion = 10.0.40219.1
Project("{FAE04EC0-301F-11D3-BF4B-00C04F79EFBC}") = "LinqWithXML", "LinqWithXML\LinqWithXML.csproj", "{5B24795D-60C7-4397-BD1D-84E75A895828}"
EndProject
Global
	GlobalSection(SolutionConfigurationPlatforms) = preSolution
		Debug|Any CPU = Debug|Any CPU
		Release|Any CPU = Release|Any CPU
	EndGlobalSection
	GlobalSection(ProjectConfigurationPlatforms) = postSolution
		{5B24795D-60C7-4397-BD1D-84E75A895828}.Debug|Any CPU.ActiveCfg = Debug|Any CPU
		{5B24795D-60C7-4397-BD1D-84E75A895828}.Debug|Any CPU.Build.0 = Debug|Any CPU
		{5B24795D-60C7-4397-BD1D-84E75A895828}.Release|Any CPU.ActiveCfg = Release|Any CPU
		{5B24795D-60C7-4397-BD1D-84E75A895828}.Release|Any CPU.Build.0 = Release|Any CPU
	EndGlobalSection
	GlobalSection(SolutionProperties) = preSolution
		HideSolutionNode = FALSE
	EndGlobalSection
	GlobalSection(ExtensibilityGlobals) = postSolution
		SolutionGuid = {3630674D-F338-4B1D-92D6-8BCB78C0CDCB}
	EndGlobalSection
EndGlobal
