
Microsoft Visual Studio Solution File, Format Version 12.00
# Visual Studio Version 16
VisualStudioVersion = 16.0.31624.102
MinimumVisualStudioVersion = 10.0.40219.1
Project("{FAE04EC0-301F-11D3-BF4B-00C04F79EFBC}") = "Arrays", "Arrays\Arrays.csproj", "{2EB29C61-AFD2-480E-98ED-70B6896B022A}"
EndProject
Global
	GlobalSection(SolutionConfigurationPlatforms) = preSolution
		Debug|Any CPU = Debug|Any CPU
		Release|Any CPU = Release|Any CPU
	EndGlobalSection
	GlobalSection(ProjectConfigurationPlatforms) = postSolution
		{2EB29C61-AFD2-480E-98ED-70B6896B022A}.Debug|Any CPU.ActiveCfg = Debug|Any CPU
		{2EB29C61-AFD2-480E-98ED-70B6896B022A}.Debug|Any CPU.Build.0 = Debug|Any CPU
		{2EB29C61-AFD2-480E-98ED-70B6896B022A}.Release|Any CPU.ActiveCfg = Release|Any CPU
		{2EB29C61-AFD2-480E-98ED-70B6896B022A}.Release|Any CPU.Build.0 = Release|Any CPU
	EndGlobalSection
	GlobalSection(SolutionProperties) = preSolution
		HideSolutionNode = FALSE
	EndGlobalSection
	GlobalSection(ExtensibilityGlobals) = postSolution
		SolutionGuid = {6597D175-8ED9-4804-BE1E-853D8CD2D96B}
	EndGlobalSection
EndGlobal
