
Microsoft Visual Studio Solution File, Format Version 12.00
# Visual Studio Version 16
VisualStudioVersion = 16.0.31624.102
MinimumVisualStudioVersion = 10.0.40219.1
Project("{FAE04EC0-301F-11D3-BF4B-00C04F79EFBC}") = "Challenge 1 – String and its methods", "Challenge 1 – String and its methods\Challenge 1 – String and its methods.csproj", "{BE0F3B4E-F53E-485F-8293-4A1E772C6721}"
EndProject
Global
	GlobalSection(SolutionConfigurationPlatforms) = preSolution
		Debug|Any CPU = Debug|Any CPU
		Release|Any CPU = Release|Any CPU
	EndGlobalSection
	GlobalSection(ProjectConfigurationPlatforms) = postSolution
		{BE0F3B4E-F53E-485F-8293-4A1E772C6721}.Debug|Any CPU.ActiveCfg = Debug|Any CPU
		{BE0F3B4E-F53E-485F-8293-4A1E772C6721}.Debug|Any CPU.Build.0 = Debug|Any CPU
		{BE0F3B4E-F53E-485F-8293-4A1E772C6721}.Release|Any CPU.ActiveCfg = Release|Any CPU
		{BE0F3B4E-F53E-485F-8293-4A1E772C6721}.Release|Any CPU.Build.0 = Release|Any CPU
	EndGlobalSection
	GlobalSection(SolutionProperties) = preSolution
		HideSolutionNode = FALSE
	EndGlobalSection
	GlobalSection(ExtensibilityGlobals) = postSolution
		SolutionGuid = {F789EB50-0FEC-4FAA-B1DA-A838BBC7CEB0}
	EndGlobalSection
EndGlobal
