
Microsoft Visual Studio Solution File, Format Version 12.00
# Visual Studio Version 16
VisualStudioVersion = 16.0.31624.102
MinimumVisualStudioVersion = 10.0.40219.1
Project("{FAE04EC0-301F-11D3-BF4B-00C04F79EFBC}") = "EnumsC", "EnumsC\EnumsC.csproj", "{1A5286A4-6A47-42C7-A128-A14FC31CF227}"
EndProject
Global
	GlobalSection(SolutionConfigurationPlatforms) = preSolution
		Debug|Any CPU = Debug|Any CPU
		Release|Any CPU = Release|Any CPU
	EndGlobalSection
	GlobalSection(ProjectConfigurationPlatforms) = postSolution
		{1A5286A4-6A47-42C7-A128-A14FC31CF227}.Debug|Any CPU.ActiveCfg = Debug|Any CPU
		{1A5286A4-6A47-42C7-A128-A14FC31CF227}.Debug|Any CPU.Build.0 = Debug|Any CPU
		{1A5286A4-6A47-42C7-A128-A14FC31CF227}.Release|Any CPU.ActiveCfg = Release|Any CPU
		{1A5286A4-6A47-42C7-A128-A14FC31CF227}.Release|Any CPU.Build.0 = Release|Any CPU
	EndGlobalSection
	GlobalSection(SolutionProperties) = preSolution
		HideSolutionNode = FALSE
	EndGlobalSection
	GlobalSection(ExtensibilityGlobals) = postSolution
		SolutionGuid = {93F0A356-4FF7-4FAD-9AE4-54115A9C7501}
	EndGlobalSection
EndGlobal
