
Microsoft Visual Studio Solution File, Format Version 12.00
# Visual Studio Version 16
VisualStudioVersion = 16.0.31624.102
MinimumVisualStudioVersion = 10.0.40219.1
Project("{FAE04EC0-301F-11D3-BF4B-00C04F79EFBC}") = "Multi Dimensional Arrays", "Multi Dimensional Arrays\Multi Dimensional Arrays.csproj", "{8DC1A5F4-3A68-4911-B597-D3C5E998A653}"
EndProject
Global
	GlobalSection(SolutionConfigurationPlatforms) = preSolution
		Debug|Any CPU = Debug|Any CPU
		Release|Any CPU = Release|Any CPU
	EndGlobalSection
	GlobalSection(ProjectConfigurationPlatforms) = postSolution
		{8DC1A5F4-3A68-4911-B597-D3C5E998A653}.Debug|Any CPU.ActiveCfg = Debug|Any CPU
		{8DC1A5F4-3A68-4911-B597-D3C5E998A653}.Debug|Any CPU.Build.0 = Debug|Any CPU
		{8DC1A5F4-3A68-4911-B597-D3C5E998A653}.Release|Any CPU.ActiveCfg = Release|Any CPU
		{8DC1A5F4-3A68-4911-B597-D3C5E998A653}.Release|Any CPU.Build.0 = Release|Any CPU
	EndGlobalSection
	GlobalSection(SolutionProperties) = preSolution
		HideSolutionNode = FALSE
	EndGlobalSection
	GlobalSection(ExtensibilityGlobals) = postSolution
		SolutionGuid = {6CB38FDC-CEB8-4678-A19E-E49992FE53BB}
	EndGlobalSection
EndGlobal
